// !$*UTF8*$!
{
	archiveVersion = 1;
	classes = {
	};
	objectVersion = 55;
	objects = {

/* Begin PBXBuildFile section */
		BA5F9979279CD24000A4B111 /* NewUserButtons.swift in Sources */ = {isa = PBXBuildFile; fileRef = BA5F9978279CD24000A4B111 /* NewUserButtons.swift */; };
		BA5F997D279CF1F300A4B111 /* LoginViewModel.swift in Sources */ = {isa = PBXBuildFile; fileRef = BA5F997C279CF1F300A4B111 /* LoginViewModel.swift */; };
		BA5F997F279CFC4000A4B111 /* RegistrationViewModel.swift in Sources */ = {isa = PBXBuildFile; fileRef = BA5F997E279CFC4000A4B111 /* RegistrationViewModel.swift */; };
		BA5F9981279D4E2D00A4B111 /* AddPhotoButton.swift in Sources */ = {isa = PBXBuildFile; fileRef = BA5F9980279D4E2D00A4B111 /* AddPhotoButton.swift */; };
		BA5F9987279E33E100A4B111 /* Extension+Buttons.swift in Sources */ = {isa = PBXBuildFile; fileRef = BA5F9986279E33E100A4B111 /* Extension+Buttons.swift */; };
		BAC0342D2790DEAB00A73426 /* AppDelegate.swift in Sources */ = {isa = PBXBuildFile; fileRef = BAC0342C2790DEAB00A73426 /* AppDelegate.swift */; };
		BAC0342F2790DEAB00A73426 /* SceneDelegate.swift in Sources */ = {isa = PBXBuildFile; fileRef = BAC0342E2790DEAB00A73426 /* SceneDelegate.swift */; };
		BAC034312790DEAB00A73426 /* ViewController.swift in Sources */ = {isa = PBXBuildFile; fileRef = BAC034302790DEAB00A73426 /* ViewController.swift */; };
		BAC034342790DEAB00A73426 /* Main.storyboard in Resources */ = {isa = PBXBuildFile; fileRef = BAC034322790DEAB00A73426 /* Main.storyboard */; };
		BAC034362790DEAE00A73426 /* Assets.xcassets in Resources */ = {isa = PBXBuildFile; fileRef = BAC034352790DEAE00A73426 /* Assets.xcassets */; };
		BAC034392790DEAE00A73426 /* LaunchScreen.storyboard in Resources */ = {isa = PBXBuildFile; fileRef = BAC034372790DEAE00A73426 /* LaunchScreen.storyboard */; };
		BAC034442790DEAF00A73426 /* ChatAppTests.swift in Sources */ = {isa = PBXBuildFile; fileRef = BAC034432790DEAF00A73426 /* ChatAppTests.swift */; };
		BAC0344E2790DEAF00A73426 /* ChatAppUITests.swift in Sources */ = {isa = PBXBuildFile; fileRef = BAC0344D2790DEAF00A73426 /* ChatAppUITests.swift */; };
		BAC034502790DEAF00A73426 /* ChatAppUITestsLaunchTests.swift in Sources */ = {isa = PBXBuildFile; fileRef = BAC0344F2790DEAF00A73426 /* ChatAppUITestsLaunchTests.swift */; };
		BAC034632790DF0C00A73426 /* ConversationsViewController.swift in Sources */ = {isa = PBXBuildFile; fileRef = BAC034622790DF0C00A73426 /* ConversationsViewController.swift */; };
		BAC0346627920A8C00A73426 /* LoginViewController.swift in Sources */ = {isa = PBXBuildFile; fileRef = BAC0346527920A8C00A73426 /* LoginViewController.swift */; };
		BAC0346827920AA300A73426 /* RegistrationViewController.swift in Sources */ = {isa = PBXBuildFile; fileRef = BAC0346727920AA300A73426 /* RegistrationViewController.swift */; };
		BAC0346A2792159200A73426 /* Background+Constraints.swift in Sources */ = {isa = PBXBuildFile; fileRef = BAC034692792159200A73426 /* Background+Constraints.swift */; };
		BAC0346C2792BF8F00A73426 /* InputContainerViews.swift in Sources */ = {isa = PBXBuildFile; fileRef = BAC0346B2792BF8F00A73426 /* InputContainerViews.swift */; };
		BAC0346E2792C60F00A73426 /* UserTextFields.swift in Sources */ = {isa = PBXBuildFile; fileRef = BAC0346D2792C60F00A73426 /* UserTextFields.swift */; };
		BAC034702797650400A73426 /* Background+Gradient.swift in Sources */ = {isa = PBXBuildFile; fileRef = BAC0346F2797650400A73426 /* Background+Gradient.swift */; };
/* End PBXBuildFile section */

/* Begin PBXContainerItemProxy section */
		BAC034402790DEAE00A73426 /* PBXContainerItemProxy */ = {
			isa = PBXContainerItemProxy;
			containerPortal = BAC034212790DEAB00A73426 /* Project object */;
			proxyType = 1;
			remoteGlobalIDString = BAC034282790DEAB00A73426;
			remoteInfo = ChatApp;
		};
		BAC0344A2790DEAF00A73426 /* PBXContainerItemProxy */ = {
			isa = PBXContainerItemProxy;
			containerPortal = BAC034212790DEAB00A73426 /* Project object */;
			proxyType = 1;
			remoteGlobalIDString = BAC034282790DEAB00A73426;
			remoteInfo = ChatApp;
		};
/* End PBXContainerItemProxy section */

/* Begin PBXFileReference section */
		BA5F9978279CD24000A4B111 /* NewUserButtons.swift */ = {isa = PBXFileReference; lastKnownFileType = sourcecode.swift; path = NewUserButtons.swift; sourceTree = "<group>"; };
		BA5F997C279CF1F300A4B111 /* LoginViewModel.swift */ = {isa = PBXFileReference; lastKnownFileType = sourcecode.swift; path = LoginViewModel.swift; sourceTree = "<group>"; };
		BA5F997E279CFC4000A4B111 /* RegistrationViewModel.swift */ = {isa = PBXFileReference; lastKnownFileType = sourcecode.swift; path = RegistrationViewModel.swift; sourceTree = "<group>"; };
		BA5F9980279D4E2D00A4B111 /* AddPhotoButton.swift */ = {isa = PBXFileReference; lastKnownFileType = sourcecode.swift; path = AddPhotoButton.swift; sourceTree = "<group>"; };
		BA5F9986279E33E100A4B111 /* Extension+Buttons.swift */ = {isa = PBXFileReference; lastKnownFileType = sourcecode.swift; path = "Extension+Buttons.swift"; sourceTree = "<group>"; };
		BAC034292790DEAB00A73426 /* ChatApp.app */ = {isa = PBXFileReference; explicitFileType = wrapper.application; includeInIndex = 0; path = ChatApp.app; sourceTree = BUILT_PRODUCTS_DIR; };
		BAC0342C2790DEAB00A73426 /* AppDelegate.swift */ = {isa = PBXFileReference; lastKnownFileType = sourcecode.swift; path = AppDelegate.swift; sourceTree = "<group>"; };
		BAC0342E2790DEAB00A73426 /* SceneDelegate.swift */ = {isa = PBXFileReference; lastKnownFileType = sourcecode.swift; path = SceneDelegate.swift; sourceTree = "<group>"; };
		BAC034302790DEAB00A73426 /* ViewController.swift */ = {isa = PBXFileReference; lastKnownFileType = sourcecode.swift; path = ViewController.swift; sourceTree = "<group>"; };
		BAC034332790DEAB00A73426 /* Base */ = {isa = PBXFileReference; lastKnownFileType = file.storyboard; name = Base; path = Base.lproj/Main.storyboard; sourceTree = "<group>"; };
		BAC034352790DEAE00A73426 /* Assets.xcassets */ = {isa = PBXFileReference; lastKnownFileType = folder.assetcatalog; path = Assets.xcassets; sourceTree = "<group>"; };
		BAC034382790DEAE00A73426 /* Base */ = {isa = PBXFileReference; lastKnownFileType = file.storyboard; name = Base; path = Base.lproj/LaunchScreen.storyboard; sourceTree = "<group>"; };
		BAC0343A2790DEAE00A73426 /* Info.plist */ = {isa = PBXFileReference; lastKnownFileType = text.plist.xml; path = Info.plist; sourceTree = "<group>"; };
		BAC0343F2790DEAE00A73426 /* ChatAppTests.xctest */ = {isa = PBXFileReference; explicitFileType = wrapper.cfbundle; includeInIndex = 0; path = ChatAppTests.xctest; sourceTree = BUILT_PRODUCTS_DIR; };
		BAC034432790DEAF00A73426 /* ChatAppTests.swift */ = {isa = PBXFileReference; lastKnownFileType = sourcecode.swift; path = ChatAppTests.swift; sourceTree = "<group>"; };
		BAC034492790DEAF00A73426 /* ChatAppUITests.xctest */ = {isa = PBXFileReference; explicitFileType = wrapper.cfbundle; includeInIndex = 0; path = ChatAppUITests.xctest; sourceTree = BUILT_PRODUCTS_DIR; };
		BAC0344D2790DEAF00A73426 /* ChatAppUITests.swift */ = {isa = PBXFileReference; lastKnownFileType = sourcecode.swift; path = ChatAppUITests.swift; sourceTree = "<group>"; };
		BAC0344F2790DEAF00A73426 /* ChatAppUITestsLaunchTests.swift */ = {isa = PBXFileReference; lastKnownFileType = sourcecode.swift; path = ChatAppUITestsLaunchTests.swift; sourceTree = "<group>"; };
		BAC034622790DF0C00A73426 /* ConversationsViewController.swift */ = {isa = PBXFileReference; lastKnownFileType = sourcecode.swift; path = ConversationsViewController.swift; sourceTree = "<group>"; };
		BAC0346527920A8C00A73426 /* LoginViewController.swift */ = {isa = PBXFileReference; lastKnownFileType = sourcecode.swift; path = LoginViewController.swift; sourceTree = "<group>"; };
		BAC0346727920AA300A73426 /* RegistrationViewController.swift */ = {isa = PBXFileReference; lastKnownFileType = sourcecode.swift; path = RegistrationViewController.swift; sourceTree = "<group>"; };
		BAC034692792159200A73426 /* Background+Constraints.swift */ = {isa = PBXFileReference; lastKnownFileType = sourcecode.swift; path = "Background+Constraints.swift"; sourceTree = "<group>"; };
		BAC0346B2792BF8F00A73426 /* InputContainerViews.swift */ = {isa = PBXFileReference; lastKnownFileType = sourcecode.swift; path = InputContainerViews.swift; sourceTree = "<group>"; };
		BAC0346D2792C60F00A73426 /* UserTextFields.swift */ = {isa = PBXFileReference; lastKnownFileType = sourcecode.swift; path = UserTextFields.swift; sourceTree = "<group>"; };
		BAC0346F2797650400A73426 /* Background+Gradient.swift */ = {isa = PBXFileReference; lastKnownFileType = sourcecode.swift; path = "Background+Gradient.swift"; sourceTree = "<group>"; };
/* End PBXFileReference section */

/* Begin PBXFrameworksBuildPhase section */
		BAC034262790DEAB00A73426 /* Frameworks */ = {
			isa = PBXFrameworksBuildPhase;
			buildActionMask = 2147483647;
			files = (
			);
			runOnlyForDeploymentPostprocessing = 0;
		};
		BAC0343C2790DEAE00A73426 /* Frameworks */ = {
			isa = PBXFrameworksBuildPhase;
			buildActionMask = 2147483647;
			files = (
			);
			runOnlyForDeploymentPostprocessing = 0;
		};
		BAC034462790DEAF00A73426 /* Frameworks */ = {
			isa = PBXFrameworksBuildPhase;
			buildActionMask = 2147483647;
			files = (
			);
			runOnlyForDeploymentPostprocessing = 0;
		};
/* End PBXFrameworksBuildPhase section */

/* Begin PBXGroup section */
		BAC034202790DEAB00A73426 = {
			isa = PBXGroup;
			children = (
				BAC0342B2790DEAB00A73426 /* ChatApp */,
				BAC034422790DEAF00A73426 /* ChatAppTests */,
				BAC0344C2790DEAF00A73426 /* ChatAppUITests */,
				BAC0342A2790DEAB00A73426 /* Products */,
			);
			sourceTree = "<group>";
		};
		BAC0342A2790DEAB00A73426 /* Products */ = {
			isa = PBXGroup;
			children = (
				BAC034292790DEAB00A73426 /* ChatApp.app */,
				BAC0343F2790DEAE00A73426 /* ChatAppTests.xctest */,
				BAC034492790DEAF00A73426 /* ChatAppUITests.xctest */,
			);
			name = Products;
			sourceTree = "<group>";
		};
		BAC0342B2790DEAB00A73426 /* ChatApp */ = {
			isa = PBXGroup;
			children = (
				BAC034612790DEC900A73426 /* Model */,
				BAC034602790DEC700A73426 /* View */,
				BAC0345F2790DEC500A73426 /* ViewModel */,
				BAC0345E2790DEBE00A73426 /* Controller */,
				BAC0345D2790DEBC00A73426 /* APIService */,
				BAC0345C2790DEB400A73426 /* Extensions */,
				BAC0342C2790DEAB00A73426 /* AppDelegate.swift */,
				BAC0342E2790DEAB00A73426 /* SceneDelegate.swift */,
				BAC034302790DEAB00A73426 /* ViewController.swift */,
				BAC034322790DEAB00A73426 /* Main.storyboard */,
				BAC034352790DEAE00A73426 /* Assets.xcassets */,
				BAC034372790DEAE00A73426 /* LaunchScreen.storyboard */,
				BAC0343A2790DEAE00A73426 /* Info.plist */,
			);
			path = ChatApp;
			sourceTree = "<group>";
		};
		BAC034422790DEAF00A73426 /* ChatAppTests */ = {
			isa = PBXGroup;
			children = (
				BAC034432790DEAF00A73426 /* ChatAppTests.swift */,
			);
			path = ChatAppTests;
			sourceTree = "<group>";
		};
		BAC0344C2790DEAF00A73426 /* ChatAppUITests */ = {
			isa = PBXGroup;
			children = (
				BAC0344D2790DEAF00A73426 /* ChatAppUITests.swift */,
				BAC0344F2790DEAF00A73426 /* ChatAppUITestsLaunchTests.swift */,
			);
			path = ChatAppUITests;
			sourceTree = "<group>";
		};
		BAC0345C2790DEB400A73426 /* Extensions */ = {
			isa = PBXGroup;
			children = (
				BAC034692792159200A73426 /* Background+Constraints.swift */,
				BAC0346F2797650400A73426 /* Background+Gradient.swift */,
				BA5F9986279E33E100A4B111 /* Extension+Buttons.swift */,
			);
			path = Extensions;
			sourceTree = "<group>";
		};
		BAC0345D2790DEBC00A73426 /* APIService */ = {
			isa = PBXGroup;
			children = (
			);
			path = APIService;
			sourceTree = "<group>";
		};
		BAC0345E2790DEBE00A73426 /* Controller */ = {
			isa = PBXGroup;
			children = (
				BAC0346427920A5E00A73426 /* Authentication */,
				BAC034622790DF0C00A73426 /* ConversationsViewController.swift */,
			);
			path = Controller;
			sourceTree = "<group>";
		};
		BAC0345F2790DEC500A73426 /* ViewModel */ = {
			isa = PBXGroup;
			children = (
				BA5F997C279CF1F300A4B111 /* LoginViewModel.swift */,
				BA5F997E279CFC4000A4B111 /* RegistrationViewModel.swift */,
			);
			path = ViewModel;
			sourceTree = "<group>";
		};
		BAC034602790DEC700A73426 /* View */ = {
			isa = PBXGroup;
			children = (
				BAC0346B2792BF8F00A73426 /* InputContainerViews.swift */,
				BAC0346D2792C60F00A73426 /* UserTextFields.swift */,
				BA5F9978279CD24000A4B111 /* NewUserButtons.swift */,
				BA5F9980279D4E2D00A4B111 /* AddPhotoButton.swift */,
			);
			path = View;
			sourceTree = "<group>";
		};
		BAC034612790DEC900A73426 /* Model */ = {
			isa = PBXGroup;
			children = (
			);
			path = Model;
			sourceTree = "<group>";
		};
		BAC0346427920A5E00A73426 /* Authentication */ = {
			isa = PBXGroup;
			children = (
				BAC0346527920A8C00A73426 /* LoginViewController.swift */,
				BAC0346727920AA300A73426 /* RegistrationViewController.swift */,
			);
			path = Authentication;
			sourceTree = "<group>";
		};
/* End PBXGroup section */

/* Begin PBXNativeTarget section */
		BAC034282790DEAB00A73426 /* ChatApp */ = {
			isa = PBXNativeTarget;
			buildConfigurationList = BAC034532790DEAF00A73426 /* Build configuration list for PBXNativeTarget "ChatApp" */;
			buildPhases = (
				BAC034252790DEAB00A73426 /* Sources */,
				BAC034262790DEAB00A73426 /* Frameworks */,
				BAC034272790DEAB00A73426 /* Resources */,
			);
			buildRules = (
			);
			dependencies = (
			);
			name = ChatApp;
			productName = ChatApp;
			productReference = BAC034292790DEAB00A73426 /* ChatApp.app */;
			productType = "com.apple.product-type.application";
		};
		BAC0343E2790DEAE00A73426 /* ChatAppTests */ = {
			isa = PBXNativeTarget;
			buildConfigurationList = BAC034562790DEAF00A73426 /* Build configuration list for PBXNativeTarget "ChatAppTests" */;
			buildPhases = (
				BAC0343B2790DEAE00A73426 /* Sources */,
				BAC0343C2790DEAE00A73426 /* Frameworks */,
				BAC0343D2790DEAE00A73426 /* Resources */,
			);
			buildRules = (
			);
			dependencies = (
				BAC034412790DEAE00A73426 /* PBXTargetDependency */,
			);
			name = ChatAppTests;
			productName = ChatAppTests;
			productReference = BAC0343F2790DEAE00A73426 /* ChatAppTests.xctest */;
			productType = "com.apple.product-type.bundle.unit-test";
		};
		BAC034482790DEAF00A73426 /* ChatAppUITests */ = {
			isa = PBXNativeTarget;
			buildConfigurationList = BAC034592790DEAF00A73426 /* Build configuration list for PBXNativeTarget "ChatAppUITests" */;
			buildPhases = (
				BAC034452790DEAF00A73426 /* Sources */,
				BAC034462790DEAF00A73426 /* Frameworks */,
				BAC034472790DEAF00A73426 /* Resources */,
			);
			buildRules = (
			);
			dependencies = (
				BAC0344B2790DEAF00A73426 /* PBXTargetDependency */,
			);
			name = ChatAppUITests;
			productName = ChatAppUITests;
			productReference = BAC034492790DEAF00A73426 /* ChatAppUITests.xctest */;
			productType = "com.apple.product-type.bundle.ui-testing";
		};
/* End PBXNativeTarget section */

/* Begin PBXProject section */
		BAC034212790DEAB00A73426 /* Project object */ = {
			isa = PBXProject;
			attributes = {
				BuildIndependentTargetsInParallel = 1;
				LastSwiftUpdateCheck = 1320;
				LastUpgradeCheck = 1320;
				TargetAttributes = {
					BAC034282790DEAB00A73426 = {
						CreatedOnToolsVersion = 13.2.1;
					};
					BAC0343E2790DEAE00A73426 = {
						CreatedOnToolsVersion = 13.2.1;
						TestTargetID = BAC034282790DEAB00A73426;
					};
					BAC034482790DEAF00A73426 = {
						CreatedOnToolsVersion = 13.2.1;
						TestTargetID = BAC034282790DEAB00A73426;
					};
				};
			};
			buildConfigurationList = BAC034242790DEAB00A73426 /* Build configuration list for PBXProject "ChatApp" */;
			compatibilityVersion = "Xcode 13.0";
			developmentRegion = en;
			hasScannedForEncodings = 0;
			knownRegions = (
				en,
				Base,
			);
			mainGroup = BAC034202790DEAB00A73426;
			productRefGroup = BAC0342A2790DEAB00A73426 /* Products */;
			projectDirPath = "";
			projectRoot = "";
			targets = (
				BAC034282790DEAB00A73426 /* ChatApp */,
				BAC0343E2790DEAE00A73426 /* ChatAppTests */,
				BAC034482790DEAF00A73426 /* ChatAppUITests */,
			);
		};
/* End PBXProject section */

/* Begin PBXResourcesBuildPhase section */
		BAC034272790DEAB00A73426 /* Resources */ = {
			isa = PBXResourcesBuildPhase;
			buildActionMask = 2147483647;
			files = (
				BAC034392790DEAE00A73426 /* LaunchScreen.storyboard in Resources */,
				BAC034362790DEAE00A73426 /* Assets.xcassets in Resources */,
				BAC034342790DEAB00A73426 /* Main.storyboard in Resources */,
			);
			runOnlyForDeploymentPostprocessing = 0;
		};
		BAC0343D2790DEAE00A73426 /* Resources */ = {
			isa = PBXResourcesBuildPhase;
			buildActionMask = 2147483647;
			files = (
			);
			runOnlyForDeploymentPostprocessing = 0;
		};
		BAC034472790DEAF00A73426 /* Resources */ = {
			isa = PBXResourcesBuildPhase;
			buildActionMask = 2147483647;
			files = (
			);
			runOnlyForDeploymentPostprocessing = 0;
		};
/* End PBXResourcesBuildPhase section */

/* Begin PBXSourcesBuildPhase section */
		BAC034252790DEAB00A73426 /* Sources */ = {
			isa = PBXSourcesBuildPhase;
			buildActionMask = 2147483647;
			files = (
				BA5F9981279D4E2D00A4B111 /* AddPhotoButton.swift in Sources */,
				BAC034312790DEAB00A73426 /* ViewController.swift in Sources */,
				BAC034702797650400A73426 /* Background+Gradient.swift in Sources */,
				BA5F997F279CFC4000A4B111 /* RegistrationViewModel.swift in Sources */,
				BA5F9979279CD24000A4B111 /* NewUserButtons.swift in Sources */,
				BAC0346E2792C60F00A73426 /* UserTextFields.swift in Sources */,
				BAC0346C2792BF8F00A73426 /* InputContainerViews.swift in Sources */,
				BAC0342D2790DEAB00A73426 /* AppDelegate.swift in Sources */,
				BA5F9987279E33E100A4B111 /* Extension+Buttons.swift in Sources */,
				BAC0342F2790DEAB00A73426 /* SceneDelegate.swift in Sources */,
				BA5F997D279CF1F300A4B111 /* LoginViewModel.swift in Sources */,
				BAC034632790DF0C00A73426 /* ConversationsViewController.swift in Sources */,
				BAC0346827920AA300A73426 /* RegistrationViewController.swift in Sources */,
				BAC0346627920A8C00A73426 /* LoginViewController.swift in Sources */,
				BAC0346A2792159200A73426 /* Background+Constraints.swift in Sources */,
			);
			runOnlyForDeploymentPostprocessing = 0;
		};
		BAC0343B2790DEAE00A73426 /* Sources */ = {
			isa = PBXSourcesBuildPhase;
			buildActionMask = 2147483647;
			files = (
				BAC034442790DEAF00A73426 /* ChatAppTests.swift in Sources */,
			);
			runOnlyForDeploymentPostprocessing = 0;
		};
		BAC034452790DEAF00A73426 /* Sources */ = {
			isa = PBXSourcesBuildPhase;
			buildActionMask = 2147483647;
			files = (
				BAC034502790DEAF00A73426 /* ChatAppUITestsLaunchTests.swift in Sources */,
				BAC0344E2790DEAF00A73426 /* ChatAppUITests.swift in Sources */,
			);
			runOnlyForDeploymentPostprocessing = 0;
		};
/* End PBXSourcesBuildPhase section */

/* Begin PBXTargetDependency section */
		BAC034412790DEAE00A73426 /* PBXTargetDependency */ = {
			isa = PBXTargetDependency;
			target = BAC034282790DEAB00A73426 /* ChatApp */;
			targetProxy = BAC034402790DEAE00A73426 /* PBXContainerItemProxy */;
		};
		BAC0344B2790DEAF00A73426 /* PBXTargetDependency */ = {
			isa = PBXTargetDependency;
			target = BAC034282790DEAB00A73426 /* ChatApp */;
			targetProxy = BAC0344A2790DEAF00A73426 /* PBXContainerItemProxy */;
		};
/* End PBXTargetDependency section */

/* Begin PBXVariantGroup section */
		BAC034322790DEAB00A73426 /* Main.storyboard */ = {
			isa = PBXVariantGroup;
			children = (
				BAC034332790DEAB00A73426 /* Base */,
			);
			name = Main.storyboard;
			sourceTree = "<group>";
		};
		BAC034372790DEAE00A73426 /* LaunchScreen.storyboard */ = {
			isa = PBXVariantGroup;
			children = (
				BAC034382790DEAE00A73426 /* Base */,
			);
			name = LaunchScreen.storyboard;
			sourceTree = "<group>";
		};
/* End PBXVariantGroup section */

/* Begin XCBuildConfiguration section */
		BAC034512790DEAF00A73426 /* Debug */ = {
			isa = XCBuildConfiguration;
			buildSettings = {
				ALWAYS_SEARCH_USER_PATHS = NO;
				CLANG_ANALYZER_NONNULL = YES;
				CLANG_ANALYZER_NUMBER_OBJECT_CONVERSION = YES_AGGRESSIVE;
				CLANG_CXX_LANGUAGE_STANDARD = "gnu++17";
				CLANG_CXX_LIBRARY = "libc++";
				CLANG_ENABLE_MODULES = YES;
				CLANG_ENABLE_OBJC_ARC = YES;
				CLANG_ENABLE_OBJC_WEAK = YES;
				CLANG_WARN_BLOCK_CAPTURE_AUTORELEASING = YES;
				CLANG_WARN_BOOL_CONVERSION = YES;
				CLANG_WARN_COMMA = YES;
				CLANG_WARN_CONSTANT_CONVERSION = YES;
				CLANG_WARN_DEPRECATED_OBJC_IMPLEMENTATIONS = YES;
				CLANG_WARN_DIRECT_OBJC_ISA_USAGE = YES_ERROR;
				CLANG_WARN_DOCUMENTATION_COMMENTS = YES;
				CLANG_WARN_EMPTY_BODY = YES;
				CLANG_WARN_ENUM_CONVERSION = YES;
				CLANG_WARN_INFINITE_RECURSION = YES;
				CLANG_WARN_INT_CONVERSION = YES;
				CLANG_WARN_NON_LITERAL_NULL_CONVERSION = YES;
				CLANG_WARN_OBJC_IMPLICIT_RETAIN_SELF = YES;
				CLANG_WARN_OBJC_LITERAL_CONVERSION = YES;
				CLANG_WARN_OBJC_ROOT_CLASS = YES_ERROR;
				CLANG_WARN_QUOTED_INCLUDE_IN_FRAMEWORK_HEADER = YES;
				CLANG_WARN_RANGE_LOOP_ANALYSIS = YES;
				CLANG_WARN_STRICT_PROTOTYPES = YES;
				CLANG_WARN_SUSPICIOUS_MOVE = YES;
				CLANG_WARN_UNGUARDED_AVAILABILITY = YES_AGGRESSIVE;
				CLANG_WARN_UNREACHABLE_CODE = YES;
				CLANG_WARN__DUPLICATE_METHOD_MATCH = YES;
				COPY_PHASE_STRIP = NO;
				DEBUG_INFORMATION_FORMAT = dwarf;
				ENABLE_STRICT_OBJC_MSGSEND = YES;
				ENABLE_TESTABILITY = YES;
				GCC_C_LANGUAGE_STANDARD = gnu11;
				GCC_DYNAMIC_NO_PIC = NO;
				GCC_NO_COMMON_BLOCKS = YES;
				GCC_OPTIMIZATION_LEVEL = 0;
				GCC_PREPROCESSOR_DEFINITIONS = (
					"DEBUG=1",
					"$(inherited)",
				);
				GCC_WARN_64_TO_32_BIT_CONVERSION = YES;
				GCC_WARN_ABOUT_RETURN_TYPE = YES_ERROR;
				GCC_WARN_UNDECLARED_SELECTOR = YES;
				GCC_WARN_UNINITIALIZED_AUTOS = YES_AGGRESSIVE;
				GCC_WARN_UNUSED_FUNCTION = YES;
				GCC_WARN_UNUSED_VARIABLE = YES;
				IPHONEOS_DEPLOYMENT_TARGET = 15.2;
				MTL_ENABLE_DEBUG_INFO = INCLUDE_SOURCE;
				MTL_FAST_MATH = YES;
				ONLY_ACTIVE_ARCH = YES;
				SDKROOT = iphoneos;
				SWIFT_ACTIVE_COMPILATION_CONDITIONS = DEBUG;
				SWIFT_OPTIMIZATION_LEVEL = "-Onone";
			};
			name = Debug;
		};
		BAC034522790DEAF00A73426 /* Release */ = {
			isa = XCBuildConfiguration;
			buildSettings = {
				ALWAYS_SEARCH_USER_PATHS = NO;
				CLANG_ANALYZER_NONNULL = YES;
				CLANG_ANALYZER_NUMBER_OBJECT_CONVERSION = YES_AGGRESSIVE;
				CLANG_CXX_LANGUAGE_STANDARD = "gnu++17";
				CLANG_CXX_LIBRARY = "libc++";
				CLANG_ENABLE_MODULES = YES;
				CLANG_ENABLE_OBJC_ARC = YES;
				CLANG_ENABLE_OBJC_WEAK = YES;
				CLANG_WARN_BLOCK_CAPTURE_AUTORELEASING = YES;
				CLANG_WARN_BOOL_CONVERSION = YES;
				CLANG_WARN_COMMA = YES;
				CLANG_WARN_CONSTANT_CONVERSION = YES;
				CLANG_WARN_DEPRECATED_OBJC_IMPLEMENTATIONS = YES;
				CLANG_WARN_DIRECT_OBJC_ISA_USAGE = YES_ERROR;
				CLANG_WARN_DOCUMENTATION_COMMENTS = YES;
				CLANG_WARN_EMPTY_BODY = YES;
				CLANG_WARN_ENUM_CONVERSION = YES;
				CLANG_WARN_INFINITE_RECURSION = YES;
				CLANG_WARN_INT_CONVERSION = YES;
				CLANG_WARN_NON_LITERAL_NULL_CONVERSION = YES;
				CLANG_WARN_OBJC_IMPLICIT_RETAIN_SELF = YES;
				CLANG_WARN_OBJC_LITERAL_CONVERSION = YES;
				CLANG_WARN_OBJC_ROOT_CLASS = YES_ERROR;
				CLANG_WARN_QUOTED_INCLUDE_IN_FRAMEWORK_HEADER = YES;
				CLANG_WARN_RANGE_LOOP_ANALYSIS = YES;
				CLANG_WARN_STRICT_PROTOTYPES = YES;
				CLANG_WARN_SUSPICIOUS_MOVE = YES;
				CLANG_WARN_UNGUARDED_AVAILABILITY = YES_AGGRESSIVE;
				CLANG_WARN_UNREACHABLE_CODE = YES;
				CLANG_WARN__DUPLICATE_METHOD_MATCH = YES;
				COPY_PHASE_STRIP = NO;
				DEBUG_INFORMATION_FORMAT = "dwarf-with-dsym";
				ENABLE_NS_ASSERTIONS = NO;
				ENABLE_STRICT_OBJC_MSGSEND = YES;
				GCC_C_LANGUAGE_STANDARD = gnu11;
				GCC_NO_COMMON_BLOCKS = YES;
				GCC_WARN_64_TO_32_BIT_CONVERSION = YES;
				GCC_WARN_ABOUT_RETURN_TYPE = YES_ERROR;
				GCC_WARN_UNDECLARED_SELECTOR = YES;
				GCC_WARN_UNINITIALIZED_AUTOS = YES_AGGRESSIVE;
				GCC_WARN_UNUSED_FUNCTION = YES;
				GCC_WARN_UNUSED_VARIABLE = YES;
				IPHONEOS_DEPLOYMENT_TARGET = 15.2;
				MTL_ENABLE_DEBUG_INFO = NO;
				MTL_FAST_MATH = YES;
				SDKROOT = iphoneos;
				SWIFT_COMPILATION_MODE = wholemodule;
				SWIFT_OPTIMIZATION_LEVEL = "-O";
				VALIDATE_PRODUCT = YES;
			};
			name = Release;
		};
		BAC034542790DEAF00A73426 /* Debug */ = {
			isa = XCBuildConfiguration;
			buildSettings = {
				ASSETCATALOG_COMPILER_APPICON_NAME = AppIcon;
				ASSETCATALOG_COMPILER_GLOBAL_ACCENT_COLOR_NAME = AccentColor;
				CODE_SIGN_STYLE = Automatic;
				CURRENT_PROJECT_VERSION = 1;
				DEVELOPMENT_TEAM = UC8QT6XYPN;
				GENERATE_INFOPLIST_FILE = YES;
				INFOPLIST_FILE = ChatApp/Info.plist;
				INFOPLIST_KEY_UIApplicationSupportsIndirectInputEvents = YES;
				INFOPLIST_KEY_UILaunchStoryboardName = LaunchScreen;
				INFOPLIST_KEY_UIMainStoryboardFile = Main;
				INFOPLIST_KEY_UISupportedInterfaceOrientations = UIInterfaceOrientationPortrait;
				INFOPLIST_KEY_UISupportedInterfaceOrientations_iPad = "UIInterfaceOrientationPortrait UIInterfaceOrientationPortraitUpsideDown UIInterfaceOrientationLandscapeLeft UIInterfaceOrientationLandscapeRight";
				INFOPLIST_KEY_UISupportedInterfaceOrientations_iPhone = "UIInterfaceOrientationPortrait UIInterfaceOrientationLandscapeLeft UIInterfaceOrientationLandscapeRight";
				LD_RUNPATH_SEARCH_PATHS = (
					"$(inherited)",
					"@executable_path/Frameworks",
				);
				MARKETING_VERSION = 1.0;
				PRODUCT_BUNDLE_IDENTIFIER = benjigarrison.ChatApp;
				PRODUCT_NAME = "$(TARGET_NAME)";
				SWIFT_EMIT_LOC_STRINGS = YES;
				SWIFT_VERSION = 5.0;
				TARGETED_DEVICE_FAMILY = "1,2";
			};
			name = Debug;
		};
		BAC034552790DEAF00A73426 /* Release */ = {
			isa = XCBuildConfiguration;
			buildSettings = {
				ASSETCATALOG_COMPILER_APPICON_NAME = AppIcon;
				ASSETCATALOG_COMPILER_GLOBAL_ACCENT_COLOR_NAME = AccentColor;
				CODE_SIGN_STYLE = Automatic;
				CURRENT_PROJECT_VERSION = 1;
				DEVELOPMENT_TEAM = UC8QT6XYPN;
				GENERATE_INFOPLIST_FILE = YES;
				INFOPLIST_FILE = ChatApp/Info.plist;
				INFOPLIST_KEY_UIApplicationSupportsIndirectInputEvents = YES;
				INFOPLIST_KEY_UILaunchStoryboardName = LaunchScreen;
				INFOPLIST_KEY_UIMainStoryboardFile = Main;
				INFOPLIST_KEY_UISupportedInterfaceOrientations = UIInterfaceOrientationPortrait;
				INFOPLIST_KEY_UISupportedInterfaceOrientations_iPad = "UIInterfaceOrientationPortrait UIInterfaceOrientationPortraitUpsideDown UIInterfaceOrientationLandscapeLeft UIInterfaceOrientationLandscapeRight";
				INFOPLIST_KEY_UISupportedInterfaceOrientations_iPhone = "UIInterfaceOrientationPortrait UIInterfaceOrientationLandscapeLeft UIInterfaceOrientationLandscapeRight";
				LD_RUNPATH_SEARCH_PATHS = (
					"$(inherited)",
					"@executable_path/Frameworks",
				);
				MARKETING_VERSION = 1.0;
				PRODUCT_BUNDLE_IDENTIFIER = benjigarrison.ChatApp;
				PRODUCT_NAME = "$(TARGET_NAME)";
				SWIFT_EMIT_LOC_STRINGS = YES;
				SWIFT_VERSION = 5.0;
				TARGETED_DEVICE_FAMILY = "1,2";
			};
			name = Release;
		};
		BAC034572790DEAF00A73426 /* Debug */ = {
			isa = XCBuildConfiguration;
			buildSettings = {
				ALWAYS_EMBED_SWIFT_STANDARD_LIBRARIES = YES;
				BUNDLE_LOADER = "$(TEST_HOST)";
				CODE_SIGN_STYLE = Automatic;
				CURRENT_PROJECT_VERSION = 1;
				DEVELOPMENT_TEAM = UC8QT6XYPN;
				GENERATE_INFOPLIST_FILE = YES;
				IPHONEOS_DEPLOYMENT_TARGET = 15.2;
				MARKETING_VERSION = 1.0;
				PRODUCT_BUNDLE_IDENTIFIER = benjigarrison.ChatAppTests;
				PRODUCT_NAME = "$(TARGET_NAME)";
				SWIFT_EMIT_LOC_STRINGS = NO;
				SWIFT_VERSION = 5.0;
				TARGETED_DEVICE_FAMILY = "1,2";
				TEST_HOST = "$(BUILT_PRODUCTS_DIR)/ChatApp.app/ChatApp";
			};
			name = Debug;
		};
		BAC034582790DEAF00A73426 /* Release */ = {
			isa = XCBuildConfiguration;
			buildSettings = {
				ALWAYS_EMBED_SWIFT_STANDARD_LIBRARIES = YES;
				BUNDLE_LOADER = "$(TEST_HOST)";
				CODE_SIGN_STYLE = Automatic;
				CURRENT_PROJECT_VERSION = 1;
				DEVELOPMENT_TEAM = UC8QT6XYPN;
				GENERATE_INFOPLIST_FILE = YES;
				IPHONEOS_DEPLOYMENT_TARGET = 15.2;
				MARKETING_VERSION = 1.0;
				PRODUCT_BUNDLE_IDENTIFIER = benjigarrison.ChatAppTests;
				PRODUCT_NAME = "$(TARGET_NAME)";
				SWIFT_EMIT_LOC_STRINGS = NO;
				SWIFT_VERSION = 5.0;
				TARGETED_DEVICE_FAMILY = "1,2";
				TEST_HOST = "$(BUILT_PRODUCTS_DIR)/ChatApp.app/ChatApp";
			};
			name = Release;
		};
		BAC0345A2790DEAF00A73426 /* Debug */ = {
			isa = XCBuildConfiguration;
			buildSettings = {
				ALWAYS_EMBED_SWIFT_STANDARD_LIBRARIES = YES;
				CODE_SIGN_STYLE = Automatic;
				CURRENT_PROJECT_VERSION = 1;
				DEVELOPMENT_TEAM = UC8QT6XYPN;
				GENERATE_INFOPLIST_FILE = YES;
				MARKETING_VERSION = 1.0;
				PRODUCT_BUNDLE_IDENTIFIER = benjigarrison.ChatAppUITests;
				PRODUCT_NAME = "$(TARGET_NAME)";
				SWIFT_EMIT_LOC_STRINGS = NO;
				SWIFT_VERSION = 5.0;
				TARGETED_DEVICE_FAMILY = "1,2";
				TEST_TARGET_NAME = ChatApp;
			};
			name = Debug;
		};
		BAC0345B2790DEAF00A73426 /* Release */ = {
			isa = XCBuildConfiguration;
			buildSettings = {
				ALWAYS_EMBED_SWIFT_STANDARD_LIBRARIES = YES;
				CODE_SIGN_STYLE = Automatic;
				CURRENT_PROJECT_VERSION = 1;
				DEVELOPMENT_TEAM = UC8QT6XYPN;
				GENERATE_INFOPLIST_FILE = YES;
				MARKETING_VERSION = 1.0;
				PRODUCT_BUNDLE_IDENTIFIER = benjigarrison.ChatAppUITests;
				PRODUCT_NAME = "$(TARGET_NAME)";
				SWIFT_EMIT_LOC_STRINGS = NO;
				SWIFT_VERSION = 5.0;
				TARGETED_DEVICE_FAMILY = "1,2";
				TEST_TARGET_NAME = ChatApp;
			};
			name = Release;
		};
/* End XCBuildConfiguration section */

/* Begin XCConfigurationList section */
		BAC034242790DEAB00A73426 /* Build configuration list for PBXProject "ChatApp" */ = {
			isa = XCConfigurationList;
			buildConfigurations = (
				BAC034512790DEAF00A73426 /* Debug */,
				BAC034522790DEAF00A73426 /* Release */,
			);
			defaultConfigurationIsVisible = 0;
			defaultConfigurationName = Release;
		};
		BAC034532790DEAF00A73426 /* Build configuration list for PBXNativeTarget "ChatApp" */ = {
			isa = XCConfigurationList;
			buildConfigurations = (
				BAC034542790DEAF00A73426 /* Debug */,
				BAC034552790DEAF00A73426 /* Release */,
			);
			defaultConfigurationIsVisible = 0;
			defaultConfigurationName = Release;
		};
		BAC034562790DEAF00A73426 /* Build configuration list for PBXNativeTarget "ChatAppTests" */ = {
			isa = XCConfigurationList;
			buildConfigurations = (
				BAC034572790DEAF00A73426 /* Debug */,
				BAC034582790DEAF00A73426 /* Release */,
			);
			defaultConfigurationIsVisible = 0;
			defaultConfigurationName = Release;
		};
		BAC034592790DEAF00A73426 /* Build configuration list for PBXNativeTarget "ChatAppUITests" */ = {
			isa = XCConfigurationList;
			buildConfigurations = (
				BAC0345A2790DEAF00A73426 /* Debug */,
				BAC0345B2790DEAF00A73426 /* Release */,
			);
			defaultConfigurationIsVisible = 0;
			defaultConfigurationName = Release;
		};
/* End XCConfigurationList section */
	};
	rootObject = BAC034212790DEAB00A73426 /* Project object */;
}
